dependencies:
- name: postgresql
  repository: https://kubernetes-charts.storage.googleapis.com
  version: 3.1.4
- name: cmc-claim-store
  repository: https://hmcts.azurecr.io/helm/v1/repo
  version: 0.0.8
- name: cmc-citizen-frontend
  repository: https://hmcts.azurecr.io/helm/v1/repo
  version: 0.0.5
- name: draft-store-service
  repository: https://hmcts.azurecr.io/helm/v1/repo
  version: 0.0.3
- name: rpe-service-auth-provider
  repository: https://hmcts.azurecr.io/helm/v1/repo
  version: 0.0.2
- name: cmc-pdf-service
  repository: https://hmcts.azurecr.io/helm/v1/repo
  version: 0.1.0
- name: fees-register-api
  repository: https://hmcts.azurecr.io/helm/v1/repo
  version: 0.0.3
- name: payment-api
  repository: https://hmcts.azurecr.io/helm/v1/repo
  version: 0.0.3
- name: dm-store
  repository: https://hmcts.azurecr.io/helm/v1/repo
  version: 0.0.1
- name: rpe-send-letter-service
  repository: https://hmcts.azurecr.io/helm/v1/repo
  version: 0.0.3
digest: sha256:c692e73d3a085efdceeae85800c835de3db9bbeaeeeaf9defee0ee9c330d78ea
generated: 2019-03-29T11:07:26.45345Z
