dependencies:
- name: postgresql
  repository: https://kubernetes-charts.storage.googleapis.com
  version: 5.3.4
- name: cmc-claim-store
  repository: file:///Users/markry/workspace/hmcts/cmc-claim-store/charts/cmc-claim-store
  version: 1.1.1
- name: cmc-citizen-frontend
  repository: file:///Users/markry/workspace/hmcts/cmc-citizen-frontend/charts/cmc-citizen-frontend
  version: 1.0.2
- name: draft-store-service
  repository: https://hmcts.azurecr.io/helm/v1/repo
  version: 1.0.3
- name: rpe-service-auth-provider
  repository: https://hmcts.azurecr.io/helm/v1/repo
  version: 0.0.5
- name: cmc-pdf-service
  repository: https://hmcts.azurecr.io/helm/v1/repo
  version: 0.1.3
- name: fees-register-api
  repository: https://hmcts.azurecr.io/helm/v1/repo
  version: 0.0.4
- name: payment-api
  repository: https://hmcts.azurecr.io/helm/v1/repo
  version: 0.0.4
- name: dm-store
  repository: https://hmcts.azurecr.io/helm/v1/repo
  version: 1.0.1
- name: rpe-send-letter-service
  repository: https://hmcts.azurecr.io/helm/v1/repo
  version: 0.0.4
digest: sha256:1bd3c7e548fe83a4a4622b7e087c421874f572677eb07c20ca8d0c82bd25709f
generated: "2019-06-09T20:35:40.667752+01:00"
